
Microsoft Visual Studio Solution File, Format Version 12.00
# Visual Studio Version 17
VisualStudioVersion = 17.0.31903.59
MinimumVisualStudioVersion = 10.0.40219.1
Project("{2150E333-8FDC-42A3-9474-1A3956D46DE8}") = "src", "src", "{827E0CD3-B72D-47B6-A68D-7590B98EB39B}"
EndProject
Project("{FAE04EC0-301F-11D3-BF4B-00C04F79EFBC}") = "CheckinBlaze.Client", "src\CheckinBlaze.Client\CheckinBlaze.Client.csproj", "{F4ED6B5C-2013-4C4E-8AD5-D83F829A4A28}"
EndProject
Project("{FAE04EC0-301F-11D3-BF4B-00C04F79EFBC}") = "CheckinBlaze.Functions", "src\CheckinBlaze.Functions\CheckinBlaze.Functions.csproj", "{AFEE0CD8-1FB0-4670-984A-E8162098D413}"
EndProject
Project("{FAE04EC0-301F-11D3-BF4B-00C04F79EFBC}") = "CheckinBlaze.Shared", "src\CheckinBlaze.Shared\CheckinBlaze.Shared.csproj", "{3CE92252-6D44-413F-806B-41FF7605482E}"
EndProject
Global
	GlobalSection(SolutionConfigurationPlatforms) = preSolution
		Debug|Any CPU = Debug|Any CPU
		Debug|x64 = Debug|x64
		Debug|x86 = Debug|x86
		Release|Any CPU = Release|Any CPU
		Release|x64 = Release|x64
		Release|x86 = Release|x86
	EndGlobalSection
	GlobalSection(ProjectConfigurationPlatforms) = postSolution
		{F4ED6B5C-2013-4C4E-8AD5-D83F829A4A28}.Debug|Any CPU.ActiveCfg = Debug|Any CPU
		{F4ED6B5C-2013-4C4E-8AD5-D83F829A4A28}.Debug|Any CPU.Build.0 = Debug|Any CPU
		{F4ED6B5C-2013-4C4E-8AD5-D83F829A4A28}.Debug|x64.ActiveCfg = Debug|Any CPU
		{F4ED6B5C-2013-4C4E-8AD5-D83F829A4A28}.Debug|x64.Build.0 = Debug|Any CPU
		{F4ED6B5C-2013-4C4E-8AD5-D83F829A4A28}.Debug|x86.ActiveCfg = Debug|Any CPU
		{F4ED6B5C-2013-4C4E-8AD5-D83F829A4A28}.Debug|x86.Build.0 = Debug|Any CPU
		{F4ED6B5C-2013-4C4E-8AD5-D83F829A4A28}.Release|Any CPU.ActiveCfg = Release|Any CPU
		{F4ED6B5C-2013-4C4E-8AD5-D83F829A4A28}.Release|Any CPU.Build.0 = Release|Any CPU
		{F4ED6B5C-2013-4C4E-8AD5-D83F829A4A28}.Release|x64.ActiveCfg = Release|Any CPU
		{F4ED6B5C-2013-4C4E-8AD5-D83F829A4A28}.Release|x64.Build.0 = Release|Any CPU
		{F4ED6B5C-2013-4C4E-8AD5-D83F829A4A28}.Release|x86.ActiveCfg = Release|Any CPU
		{F4ED6B5C-2013-4C4E-8AD5-D83F829A4A28}.Release|x86.Build.0 = Release|Any CPU
		{AFEE0CD8-1FB0-4670-984A-E8162098D413}.Debug|Any CPU.ActiveCfg = Debug|Any CPU
		{AFEE0CD8-1FB0-4670-984A-E8162098D413}.Debug|Any CPU.Build.0 = Debug|Any CPU
		{AFEE0CD8-1FB0-4670-984A-E8162098D413}.Debug|x64.ActiveCfg = Debug|Any CPU
		{AFEE0CD8-1FB0-4670-984A-E8162098D413}.Debug|x64.Build.0 = Debug|Any CPU
		{AFEE0CD8-1FB0-4670-984A-E8162098D413}.Debug|x86.ActiveCfg = Debug|Any CPU
		{AFEE0CD8-1FB0-4670-984A-E8162098D413}.Debug|x86.Build.0 = Debug|Any CPU
		{AFEE0CD8-1FB0-4670-984A-E8162098D413}.Release|Any CPU.ActiveCfg = Release|Any CPU
		{AFEE0CD8-1FB0-4670-984A-E8162098D413}.Release|Any CPU.Build.0 = Release|Any CPU
		{AFEE0CD8-1FB0-4670-984A-E8162098D413}.Release|x64.ActiveCfg = Release|Any CPU
		{AFEE0CD8-1FB0-4670-984A-E8162098D413}.Release|x64.Build.0 = Release|Any CPU
		{AFEE0CD8-1FB0-4670-984A-E8162098D413}.Release|x86.ActiveCfg = Release|Any CPU
		{AFEE0CD8-1FB0-4670-984A-E8162098D413}.Release|x86.Build.0 = Release|Any CPU
		{3CE92252-6D44-413F-806B-41FF7605482E}.Debug|Any CPU.ActiveCfg = Debug|Any CPU
		{3CE92252-6D44-413F-806B-41FF7605482E}.Debug|Any CPU.Build.0 = Debug|Any CPU
		{3CE92252-6D44-413F-806B-41FF7605482E}.Debug|x64.ActiveCfg = Debug|Any CPU
		{3CE92252-6D44-413F-806B-41FF7605482E}.Debug|x64.Build.0 = Debug|Any CPU
		{3CE92252-6D44-413F-806B-41FF7605482E}.Debug|x86.ActiveCfg = Debug|Any CPU
		{3CE92252-6D44-413F-806B-41FF7605482E}.Debug|x86.Build.0 = Debug|Any CPU
		{3CE92252-6D44-413F-806B-41FF7605482E}.Release|Any CPU.ActiveCfg = Release|Any CPU
		{3CE92252-6D44-413F-806B-41FF7605482E}.Release|Any CPU.Build.0 = Release|Any CPU
		{3CE92252-6D44-413F-806B-41FF7605482E}.Release|x64.ActiveCfg = Release|Any CPU
		{3CE92252-6D44-413F-806B-41FF7605482E}.Release|x64.Build.0 = Release|Any CPU
		{3CE92252-6D44-413F-806B-41FF7605482E}.Release|x86.ActiveCfg = Release|Any CPU
		{3CE92252-6D44-413F-806B-41FF7605482E}.Release|x86.Build.0 = Release|Any CPU
	EndGlobalSection
	GlobalSection(SolutionProperties) = preSolution
		HideSolutionNode = FALSE
	EndGlobalSection
	GlobalSection(NestedProjects) = preSolution
		{F4ED6B5C-2013-4C4E-8AD5-D83F829A4A28} = {827E0CD3-B72D-47B6-A68D-7590B98EB39B}
		{AFEE0CD8-1FB0-4670-984A-E8162098D413} = {827E0CD3-B72D-47B6-A68D-7590B98EB39B}
		{3CE92252-6D44-413F-806B-41FF7605482E} = {827E0CD3-B72D-47B6-A68D-7590B98EB39B}
	EndGlobalSection
EndGlobal
